
Microsoft Visual Studio Solution File, Format Version 12.00
# Visual Studio Version 17
VisualStudioVersion = 17.7.34024.191
MinimumVisualStudioVersion = 10.0.40219.1
Project("{FAE04EC0-301F-11D3-BF4B-00C04F79EFBC}") = "TypeSearch", "TypeSearch\TypeSearch.csproj", "{DFF0A3D3-4042-4493-8A98-C957C52AAE4F}"
EndProject
Project("{FAE04EC0-301F-11D3-BF4B-00C04F79EFBC}") = "TypeSearch.CLI", "TypeSearch.CLI\TypeSearch.CLI.csproj", "{8610334F-37E1-4260-8F24-66D8597E567E}"
EndProject
Global
	GlobalSection(SolutionConfigurationPlatforms) = preSolution
		Debug|Any CPU = Debug|Any CPU
		Release|Any CPU = Release|Any CPU
	EndGlobalSection
	GlobalSection(ProjectConfigurationPlatforms) = postSolution
		{DFF0A3D3-4042-4493-8A98-C957C52AAE4F}.Debug|Any CPU.ActiveCfg = Debug|Any CPU
		{DFF0A3D3-4042-4493-8A98-C957C52AAE4F}.Debug|Any CPU.Build.0 = Debug|Any CPU
		{DFF0A3D3-4042-4493-8A98-C957C52AAE4F}.Release|Any CPU.ActiveCfg = Release|Any CPU
		{DFF0A3D3-4042-4493-8A98-C957C52AAE4F}.Release|Any CPU.Build.0 = Release|Any CPU
		{8610334F-37E1-4260-8F24-66D8597E567E}.Debug|Any CPU.ActiveCfg = Debug|Any CPU
		{8610334F-37E1-4260-8F24-66D8597E567E}.Debug|Any CPU.Build.0 = Debug|Any CPU
		{8610334F-37E1-4260-8F24-66D8597E567E}.Release|Any CPU.ActiveCfg = Release|Any CPU
		{8610334F-37E1-4260-8F24-66D8597E567E}.Release|Any CPU.Build.0 = Release|Any CPU
	EndGlobalSection
	GlobalSection(SolutionProperties) = preSolution
		HideSolutionNode = FALSE
	EndGlobalSection
	GlobalSection(ExtensibilityGlobals) = postSolution
		SolutionGuid = {A614C393-483B-4D65-8090-C29E680D13C7}
	EndGlobalSection
EndGlobal
